# THIS IS AN AUTOGENERATED FILE. DO NOT EDIT THIS FILE DIRECTLY.
# yarn lockfile v1


quickjs-emscripten@0.2.0:
  version "0.2.0"
  resolved "https://registry.yarnpkg.com/quickjs-emscripten/-/quickjs-emscripten-0.2.0.tgz#3ac1730332ce4cf70dff7055f933d7b3e225114c"
  integrity sha512-J536VUv44JzChqOeueNLeKSckq9cT9GLGEFVlan0swerYOM5LQLUCAXSUPX7WW/p8KQR0tzcXCdMZufSl8xoHg==
